%{
  "broadway": {:hex, :broadway, "1.2.1", "83a1567423c26885e15f6cd8670ca790370af2fcff2ede7fa88c5ea793087a67", [:mix], [{:gen_stage, "~> 1.0", [hex: :gen_stage, repo: "hexpm", optional: false]}, {:nimble_options, "~> 0.3.7 or ~> 0.4 or ~> 1.0", [hex: :nimble_options, repo: "hexpm", optional: false]}, {:telemetry, "~> 0.4.3 or ~> 1.0", [hex: :telemetry, repo: "hexpm", optional: false]}], "hexpm", "68ae63d83b55bdca0f95cd49feee5fb74c5a6bec557caf940860fe07dbc8a4fb"},
  "broadway_kafka": {:hex, :broadway_kafka, "0.4.4", "ebcaa4b2495c672f459bd8ea12b81ae64dfcfd12ec0a77ef65779e35bffd48e0", [:mix], [{:broadway, "~> 1.0", [hex: :broadway, repo: "hexpm", optional: false]}, {:brod, "~> 3.16 or ~> 4.0", [hex: :brod, repo: "hexpm", optional: false]}, {:telemetry, "~> 0.4.3 or ~> 1.0", [hex: :telemetry, repo: "hexpm", optional: false]}], "hexpm", "c595b6d6b6d1eac6bb291b151ad92f7a1a101ec8af173f282a0d4fd8fa88b253"},
  "brod": {:hex, :brod, "4.5.3", "fceadb37e53c06d20a786552f6e4cc75441bf1562d7e5b67067bc9d1d5a32f80", [:cmake, :rebar3], [{:kafka_protocol, "4.3.4", [hex: :kafka_protocol, repo: "hexpm", optional: false]}], "hexpm", "de21c3d6103d70e85f765515422200ce9278044acf41c86400b82b507db5ba45"},
  "cowboy": {:hex, :cowboy, "2.14.2", "4008be1df6ade45e4f2a4e9e2d22b36d0b5aba4e20b0a0d7049e28d124e34847", [:make, :rebar3], [{:cowlib, ">= 2.16.0 and < 3.0.0", [hex: :cowlib, repo: "hexpm", optional: false]}, {:ranch, ">= 1.8.0 and < 3.0.0", [hex: :ranch, repo: "hexpm", optional: false]}], "hexpm", "569081da046e7b41b5df36aa359be71a0c8874e5b9cff6f747073fc57baf1ab9"},
  "cowboy_telemetry": {:hex, :cowboy_telemetry, "0.4.0", "f239f68b588efa7707abce16a84d0d2acf3a0f50571f8bb7f56a15865aae820c", [:rebar3], [{:cowboy, "~> 2.7", [hex: :cowboy, repo: "hexpm", optional: false]}, {:telemetry, "~> 1.0", [hex: :telemetry, repo: "hexpm", optional: false]}], "hexpm", "7d98bac1ee4565d31b62d59f8823dfd8356a169e7fcbb83831b8a5397404c9de"},
  "cowlib": {:hex, :cowlib, "2.16.0", "54592074ebbbb92ee4746c8a8846e5605052f29309d3a873468d76cdf932076f", [:make, :rebar3], [], "hexpm", "7f478d80d66b747344f0ea7708c187645cfcc08b11aa424632f78e25bf05db51"},
  "crc32cer": {:hex, :crc32cer, "1.1.3", "da59f0ddd08f56d9a34186026c0b315cbc02ca390cf8cb15b045f10fb7dcc306", [:rebar3], [], "hexpm", "09c8b567b7be6bf43066185341ec0798eca7dbb66a6ab062ad0e2b25860d7ca1"},
  "finch": {:hex, :finch, "0.21.0", "b1c3b2d48af02d0c66d2a9ebfb5622be5c5ecd62937cf79a88a7f98d48a8290c", [:mix], [{:mime, "~> 1.0 or ~> 2.0", [hex: :mime, repo: "hexpm", optional: false]}, {:mint, "~> 1.6.2 or ~> 1.7", [hex: :mint, repo: "hexpm", optional: false]}, {:nimble_options, "~> 0.4 or ~> 1.0", [hex: :nimble_options, repo: "hexpm", optional: false]}, {:nimble_pool, "~> 1.1", [hex: :nimble_pool, repo: "hexpm", optional: false]}, {:telemetry, "~> 0.4 or ~> 1.0", [hex: :telemetry, repo: "hexpm", optional: false]}], "hexpm", "87dc6e169794cb2570f75841a19da99cfde834249568f2a5b121b809588a4377"},
  "gen_stage": {:hex, :gen_stage, "1.3.2", "7c77e5d1e97de2c6c2f78f306f463bca64bf2f4c3cdd606affc0100b89743b7b", [:mix], [], "hexpm", "0ffae547fa777b3ed889a6b9e1e64566217413d018cabd825f786e843ffe63e7"},
  "hpax": {:hex, :hpax, "1.0.3", "ed67ef51ad4df91e75cc6a1494f851850c0bd98ebc0be6e81b026e765ee535aa", [:mix], [], "hexpm", "8eab6e1cfa8d5918c2ce4ba43588e894af35dbd8e91e6e55c817bca5847df34a"},
  "jason": {:hex, :jason, "1.4.4", "b9226785a9aa77b6857ca22832cffa5d5011a667207eb2a0ad56adb5db443b8a", [:mix], [{:decimal, "~> 1.0 or ~> 2.0", [hex: :decimal, repo: "hexpm", optional: true]}], "hexpm", "c5eb0cab91f094599f94d55bc63409236a8ec69a21a67814529e8d5f6cc90b3b"},
  "kafka_protocol": {:hex, :kafka_protocol, "4.3.4", "a641333ac8732071dc289eca9afb88d1abf6fb7b160b95b9a48b5deffeccf189", [:rebar3], [{:crc32cer, "1.1.3", [hex: :crc32cer, repo: "hexpm", optional: false]}], "hexpm", "2272cee16a7046ebdcaf7440e5cca0ce87110e691c2720e07dfcce2e2e652c04"},
  "mime": {:hex, :mime, "2.0.7", "b8d739037be7cd402aee1ba0306edfdef982687ee7e9859bee6198c1e7e2f128", [:mix], [], "hexpm", "6171188e399ee16023ffc5b76ce445eb6d9672e2e241d2df6050f3c771e80ccd"},
  "mint": {:hex, :mint, "1.7.1", "113fdb2b2f3b59e47c7955971854641c61f378549d73e829e1768de90fc1abf1", [:mix], [{:castore, "~> 0.1.0 or ~> 1.0", [hex: :castore, repo: "hexpm", optional: true]}, {:hpax, "~> 0.1.1 or ~> 0.2.0 or ~> 1.0", [hex: :hpax, repo: "hexpm", optional: false]}], "hexpm", "fceba0a4d0f24301ddee3024ae116df1c3f4bb7a563a731f45fdfeb9d39a231b"},
  "nimble_options": {:hex, :nimble_options, "1.1.1", "e3a492d54d85fc3fd7c5baf411d9d2852922f66e69476317787a7b2bb000a61b", [:mix], [], "hexpm", "821b2470ca9442c4b6984882fe9bb0389371b8ddec4d45a9504f00a66f650b44"},
  "nimble_pool": {:hex, :nimble_pool, "1.1.0", "bf9c29fbdcba3564a8b800d1eeb5a3c58f36e1e11d7b7fb2e084a643f645f06b", [:mix], [], "hexpm", "af2e4e6b34197db81f7aad230c1118eac993acc0dae6bc83bac0126d4ae0813a"},
  "plug": {:hex, :plug, "1.19.1", "09bac17ae7a001a68ae393658aa23c7e38782be5c5c00c80be82901262c394c0", [:mix], [{:mime, "~> 1.0 or ~> 2.0", [hex: :mime, repo: "hexpm", optional: false]}, {:plug_crypto, "~> 1.1.1 or ~> 1.2 or ~> 2.0", [hex: :plug_crypto, repo: "hexpm", optional: false]}, {:telemetry, "~> 0.4.3 or ~> 1.0", [hex: :telemetry, repo: "hexpm", optional: false]}], "hexpm", "560a0017a8f6d5d30146916862aaf9300b7280063651dd7e532b8be168511e62"},
  "plug_cowboy": {:hex, :plug_cowboy, "2.8.0", "07789e9c03539ee51bb14a07839cc95aa96999fd8846ebfd28c97f0b50c7b612", [:mix], [{:cowboy, "~> 2.7", [hex: :cowboy, repo: "hexpm", optional: false]}, {:cowboy_telemetry, "~> 0.3", [hex: :cowboy_telemetry, repo: "hexpm", optional: false]}, {:plug, "~> 1.14", [hex: :plug, repo: "hexpm", optional: false]}], "hexpm", "9cbfaaf17463334ca31aed38ea7e08a68ee37cabc077b1e9be6d2fb68e0171d0"},
  "plug_crypto": {:hex, :plug_crypto, "2.1.1", "19bda8184399cb24afa10be734f84a16ea0a2bc65054e23a62bb10f06bc89491", [:mix], [], "hexpm", "6470bce6ffe41c8bd497612ffde1a7e4af67f36a15eea5f921af71cf3e11247c"},
  "ranch": {:hex, :ranch, "2.2.0", "25528f82bc8d7c6152c57666ca99ec716510fe0925cb188172f41ce93117b1b0", [:make, :rebar3], [], "hexpm", "fa0b99a1780c80218a4197a59ea8d3bdae32fbff7e88527d7d8a4787eff4f8e7"},
  "req": {:hex, :req, "0.5.17", "0096ddd5b0ed6f576a03dde4b158a0c727215b15d2795e59e0916c6971066ede", [:mix], [{:brotli, "~> 0.3.1", [hex: :brotli, repo: "hexpm", optional: true]}, {:ezstd, "~> 1.0", [hex: :ezstd, repo: "hexpm", optional: true]}, {:finch, "~> 0.17", [hex: :finch, repo: "hexpm", optional: false]}, {:jason, "~> 1.0", [hex: :jason, repo: "hexpm", optional: false]}, {:mime, "~> 2.0.6 or ~> 2.1", [hex: :mime, repo: "hexpm", optional: false]}, {:nimble_csv, "~> 1.0", [hex: :nimble_csv, repo: "hexpm", optional: true]}, {:plug, "~> 1.0", [hex: :plug, repo: "hexpm", optional: true]}], "hexpm", "0b8bc6ffdfebbc07968e59d3ff96d52f2202d0536f10fef4dc11dc02a2a43e39"},
  "rustler": {:hex, :rustler, "0.37.3", "5f4e6634d43b26f0a69834dd1d3ed4e1710b022a053bf4a670220c9540c92602", [:mix], [{:jason, "~> 1.0", [hex: :jason, repo: "hexpm", optional: false]}], "hexpm", "a6872c6f53dcf00486d1e7f9e046e20e01bf1654bdacc4193016c2e8002b32a2"},
  "telemetry": {:hex, :telemetry, "1.4.0", "69aa83d53f152f93f05fd40b77ded6fab247de093b7a3c4ca2879e634144446e", [:rebar3], [], "hexpm", "d1ff426f988ac1092f9d684d34d08e51042a70567c16be793fbc8f399fd2e77d"},
  "telemetry_metrics": {:hex, :telemetry_metrics, "1.1.0", "5bd5f3b5637e0abea0426b947e3ce5dd304f8b3bc6617039e2b5a008adc02f8f", [:mix], [{:telemetry, "~> 0.4 or ~> 1.0", [hex: :telemetry, repo: "hexpm", optional: false]}], "hexpm", "e7b79e8ddfde70adb6db8a6623d1778ec66401f366e9a8f5dd0955c56bc8ce67"},
  "telemetry_metrics_prometheus": {:hex, :telemetry_metrics_prometheus, "1.1.0", "1cc23e932c1ef9aa3b91db257ead31ea58d53229d407e059b29bb962c1505a13", [:mix], [{:plug_cowboy, "~> 2.1", [hex: :plug_cowboy, repo: "hexpm", optional: false]}, {:telemetry_metrics_prometheus_core, "~> 1.0", [hex: :telemetry_metrics_prometheus_core, repo: "hexpm", optional: false]}], "hexpm", "d43b3659b3244da44fe0275b717701542365d4519b79d9ce895b9719c1ce4d26"},
  "telemetry_metrics_prometheus_core": {:hex, :telemetry_metrics_prometheus_core, "1.2.1", "c9755987d7b959b557084e6990990cb96a50d6482c683fb9622a63837f3cd3d8", [:mix], [{:telemetry, "~> 0.4 or ~> 1.0", [hex: :telemetry, repo: "hexpm", optional: false]}, {:telemetry_metrics, "~> 0.6 or ~> 1.0", [hex: :telemetry_metrics, repo: "hexpm", optional: false]}], "hexpm", "5e2c599da4983c4f88a33e9571f1458bf98b0cf6ba930f1dc3a6e8cf45d5afb6"},
  "telemetry_poller": {:hex, :telemetry_poller, "1.3.0", "d5c46420126b5ac2d72bc6580fb4f537d35e851cc0f8dbd571acf6d6e10f5ec7", [:rebar3], [{:telemetry, "~> 1.0", [hex: :telemetry, repo: "hexpm", optional: false]}], "hexpm", "51f18bed7128544a50f75897db9974436ea9bfba560420b646af27a9a9b35211"},
}
